
Microsoft Visual Studio Solution File, Format Version 12.00
# Visual Studio Version 16
VisualStudioVersion = 16.0.29609.76
MinimumVisualStudioVersion = 10.0.40219.1
Project("{9A19103F-16F7-4668-BE54-9A1E7A4F7556}") = "CodeSignal", "CodeSignal\CodeSignal.csproj", "{DC68CFDC-C90F-4764-88E9-D3D9A4E2F38F}"
EndProject
Project("{9A19103F-16F7-4668-BE54-9A1E7A4F7556}") = "FirstDuplicate", "FirstDulicate\FirstDuplicate.csproj", "{169A6880-D486-4850-9038-09E4A69955D9}"
EndProject
Project("{9A19103F-16F7-4668-BE54-9A1E7A4F7556}") = "FirstNonRepeatingCharacter", "FirstNonRepeatingCharacter\FirstNonRepeatingCharacter.csproj", "{43ABCD39-6DA8-4762-99F7-4C65AF5D4D72}"
EndProject
Project("{9A19103F-16F7-4668-BE54-9A1E7A4F7556}") = "RotateImage", "RotateImage\RotateImage.csproj", "{C8C3B739-A1C7-42AA-B158-E4677F30BC02}"
EndProject
Project("{9A19103F-16F7-4668-BE54-9A1E7A4F7556}") = "Sudoku", "Sudoku\Sudoku.csproj", "{7DCD258F-D563-4835-B085-ED3105DD95EB}"
EndProject
Project("{9A19103F-16F7-4668-BE54-9A1E7A4F7556}") = "IsCryptSolution", "IsCryptSolution\IsCryptSolution.csproj", "{146AA7A7-825F-4039-823C-69F6C8C06DD8}"
EndProject
Project("{9A19103F-16F7-4668-BE54-9A1E7A4F7556}") = "RemoveKFromList", "RemoveKFromList\RemoveKFromList.csproj", "{9FA0C91F-E814-4444-84CD-F35B454DED45}"
EndProject
Project("{2150E333-8FDC-42A3-9474-1A3956D46DE8}") = "Arrays", "Arrays", "{638BB14A-EAAE-45A8-B544-94F564C43984}"
EndProject
Project("{2150E333-8FDC-42A3-9474-1A3956D46DE8}") = "LinkedLists", "LinkedLists", "{FD6D1350-C1A1-4637-8AA2-0F2B7AA87D32}"
EndProject
Project("{FAE04EC0-301F-11D3-BF4B-00C04F79EFBC}") = "IsListPalindrome", "IsListPalindrome\IsListPalindrome.csproj", "{AE405848-CAD1-43A8-A864-151CB8856C5A}"
EndProject
Project("{FAE04EC0-301F-11D3-BF4B-00C04F79EFBC}") = "LinkedList", "LinkedList\LinkedList.csproj", "{59A7EADF-F5B4-4E4D-95EB-6B6A307143B6}"
EndProject
Global
	GlobalSection(SolutionConfigurationPlatforms) = preSolution
		Debug|Any CPU = Debug|Any CPU
		Release|Any CPU = Release|Any CPU
	EndGlobalSection
	GlobalSection(ProjectConfigurationPlatforms) = postSolution
		{DC68CFDC-C90F-4764-88E9-D3D9A4E2F38F}.Debug|Any CPU.ActiveCfg = Debug|Any CPU
		{DC68CFDC-C90F-4764-88E9-D3D9A4E2F38F}.Debug|Any CPU.Build.0 = Debug|Any CPU
		{DC68CFDC-C90F-4764-88E9-D3D9A4E2F38F}.Release|Any CPU.ActiveCfg = Release|Any CPU
		{DC68CFDC-C90F-4764-88E9-D3D9A4E2F38F}.Release|Any CPU.Build.0 = Release|Any CPU
		{169A6880-D486-4850-9038-09E4A69955D9}.Debug|Any CPU.ActiveCfg = Debug|Any CPU
		{169A6880-D486-4850-9038-09E4A69955D9}.Debug|Any CPU.Build.0 = Debug|Any CPU
		{169A6880-D486-4850-9038-09E4A69955D9}.Release|Any CPU.ActiveCfg = Release|Any CPU
		{169A6880-D486-4850-9038-09E4A69955D9}.Release|Any CPU.Build.0 = Release|Any CPU
		{43ABCD39-6DA8-4762-99F7-4C65AF5D4D72}.Debug|Any CPU.ActiveCfg = Debug|Any CPU
		{43ABCD39-6DA8-4762-99F7-4C65AF5D4D72}.Debug|Any CPU.Build.0 = Debug|Any CPU
		{43ABCD39-6DA8-4762-99F7-4C65AF5D4D72}.Release|Any CPU.ActiveCfg = Release|Any CPU
		{43ABCD39-6DA8-4762-99F7-4C65AF5D4D72}.Release|Any CPU.Build.0 = Release|Any CPU
		{C8C3B739-A1C7-42AA-B158-E4677F30BC02}.Debug|Any CPU.ActiveCfg = Debug|Any CPU
		{C8C3B739-A1C7-42AA-B158-E4677F30BC02}.Debug|Any CPU.Build.0 = Debug|Any CPU
		{C8C3B739-A1C7-42AA-B158-E4677F30BC02}.Release|Any CPU.ActiveCfg = Release|Any CPU
		{C8C3B739-A1C7-42AA-B158-E4677F30BC02}.Release|Any CPU.Build.0 = Release|Any CPU
		{7DCD258F-D563-4835-B085-ED3105DD95EB}.Debug|Any CPU.ActiveCfg = Debug|Any CPU
		{7DCD258F-D563-4835-B085-ED3105DD95EB}.Debug|Any CPU.Build.0 = Debug|Any CPU
		{7DCD258F-D563-4835-B085-ED3105DD95EB}.Release|Any CPU.ActiveCfg = Release|Any CPU
		{7DCD258F-D563-4835-B085-ED3105DD95EB}.Release|Any CPU.Build.0 = Release|Any CPU
		{146AA7A7-825F-4039-823C-69F6C8C06DD8}.Debug|Any CPU.ActiveCfg = Debug|Any CPU
		{146AA7A7-825F-4039-823C-69F6C8C06DD8}.Debug|Any CPU.Build.0 = Debug|Any CPU
		{146AA7A7-825F-4039-823C-69F6C8C06DD8}.Release|Any CPU.ActiveCfg = Release|Any CPU
		{146AA7A7-825F-4039-823C-69F6C8C06DD8}.Release|Any CPU.Build.0 = Release|Any CPU
		{9FA0C91F-E814-4444-84CD-F35B454DED45}.Debug|Any CPU.ActiveCfg = Debug|Any CPU
		{9FA0C91F-E814-4444-84CD-F35B454DED45}.Debug|Any CPU.Build.0 = Debug|Any CPU
		{9FA0C91F-E814-4444-84CD-F35B454DED45}.Release|Any CPU.ActiveCfg = Release|Any CPU
		{9FA0C91F-E814-4444-84CD-F35B454DED45}.Release|Any CPU.Build.0 = Release|Any CPU
		{AE405848-CAD1-43A8-A864-151CB8856C5A}.Debug|Any CPU.ActiveCfg = Debug|Any CPU
		{AE405848-CAD1-43A8-A864-151CB8856C5A}.Debug|Any CPU.Build.0 = Debug|Any CPU
		{AE405848-CAD1-43A8-A864-151CB8856C5A}.Release|Any CPU.ActiveCfg = Release|Any CPU
		{AE405848-CAD1-43A8-A864-151CB8856C5A}.Release|Any CPU.Build.0 = Release|Any CPU
		{59A7EADF-F5B4-4E4D-95EB-6B6A307143B6}.Debug|Any CPU.ActiveCfg = Debug|Any CPU
		{59A7EADF-F5B4-4E4D-95EB-6B6A307143B6}.Debug|Any CPU.Build.0 = Debug|Any CPU
		{59A7EADF-F5B4-4E4D-95EB-6B6A307143B6}.Release|Any CPU.ActiveCfg = Release|Any CPU
		{59A7EADF-F5B4-4E4D-95EB-6B6A307143B6}.Release|Any CPU.Build.0 = Release|Any CPU
	EndGlobalSection
	GlobalSection(SolutionProperties) = preSolution
		HideSolutionNode = FALSE
	EndGlobalSection
	GlobalSection(NestedProjects) = preSolution
		{DC68CFDC-C90F-4764-88E9-D3D9A4E2F38F} = {638BB14A-EAAE-45A8-B544-94F564C43984}
		{169A6880-D486-4850-9038-09E4A69955D9} = {638BB14A-EAAE-45A8-B544-94F564C43984}
		{43ABCD39-6DA8-4762-99F7-4C65AF5D4D72} = {638BB14A-EAAE-45A8-B544-94F564C43984}
		{C8C3B739-A1C7-42AA-B158-E4677F30BC02} = {638BB14A-EAAE-45A8-B544-94F564C43984}
		{7DCD258F-D563-4835-B085-ED3105DD95EB} = {638BB14A-EAAE-45A8-B544-94F564C43984}
		{146AA7A7-825F-4039-823C-69F6C8C06DD8} = {638BB14A-EAAE-45A8-B544-94F564C43984}
		{9FA0C91F-E814-4444-84CD-F35B454DED45} = {FD6D1350-C1A1-4637-8AA2-0F2B7AA87D32}
		{AE405848-CAD1-43A8-A864-151CB8856C5A} = {FD6D1350-C1A1-4637-8AA2-0F2B7AA87D32}
		{59A7EADF-F5B4-4E4D-95EB-6B6A307143B6} = {FD6D1350-C1A1-4637-8AA2-0F2B7AA87D32}
	EndGlobalSection
	GlobalSection(ExtensibilityGlobals) = postSolution
		SolutionGuid = {16F62D6C-EE36-4F2B-BBD8-5EAE5D940774}
	EndGlobalSection
EndGlobal
