
Microsoft Visual Studio Solution File, Format Version 12.00
# Visual Studio Version 16
VisualStudioVersion = 16.0.29609.76
MinimumVisualStudioVersion = 10.0.40219.1
Project("{FAE04EC0-301F-11D3-BF4B-00C04F79EFBC}") = "CodeSignal", "CodeSignal\CodeSignal.csproj", "{DC68CFDC-C90F-4764-88E9-D3D9A4E2F38F}"
EndProject
Project("{FAE04EC0-301F-11D3-BF4B-00C04F79EFBC}") = "FirstDuplicate", "FirstDulicate\FirstDuplicate.csproj", "{169A6880-D486-4850-9038-09E4A69955D9}"
EndProject
Project("{FAE04EC0-301F-11D3-BF4B-00C04F79EFBC}") = "FirstNonRepeatingCharacter", "FirstNonRepeatingCharacter\FirstNonRepeatingCharacter.csproj", "{43ABCD39-6DA8-4762-99F7-4C65AF5D4D72}"
EndProject
Project("{FAE04EC0-301F-11D3-BF4B-00C04F79EFBC}") = "RotateImage", "RotateImage\RotateImage.csproj", "{C8C3B739-A1C7-42AA-B158-E4677F30BC02}"
EndProject
Global
	GlobalSection(SolutionConfigurationPlatforms) = preSolution
		Debug|Any CPU = Debug|Any CPU
		Release|Any CPU = Release|Any CPU
	EndGlobalSection
	GlobalSection(ProjectConfigurationPlatforms) = postSolution
		{DC68CFDC-C90F-4764-88E9-D3D9A4E2F38F}.Debug|Any CPU.ActiveCfg = Debug|Any CPU
		{DC68CFDC-C90F-4764-88E9-D3D9A4E2F38F}.Debug|Any CPU.Build.0 = Debug|Any CPU
		{DC68CFDC-C90F-4764-88E9-D3D9A4E2F38F}.Release|Any CPU.ActiveCfg = Release|Any CPU
		{DC68CFDC-C90F-4764-88E9-D3D9A4E2F38F}.Release|Any CPU.Build.0 = Release|Any CPU
		{169A6880-D486-4850-9038-09E4A69955D9}.Debug|Any CPU.ActiveCfg = Debug|Any CPU
		{169A6880-D486-4850-9038-09E4A69955D9}.Debug|Any CPU.Build.0 = Debug|Any CPU
		{169A6880-D486-4850-9038-09E4A69955D9}.Release|Any CPU.ActiveCfg = Release|Any CPU
		{169A6880-D486-4850-9038-09E4A69955D9}.Release|Any CPU.Build.0 = Release|Any CPU
		{43ABCD39-6DA8-4762-99F7-4C65AF5D4D72}.Debug|Any CPU.ActiveCfg = Debug|Any CPU
		{43ABCD39-6DA8-4762-99F7-4C65AF5D4D72}.Debug|Any CPU.Build.0 = Debug|Any CPU
		{43ABCD39-6DA8-4762-99F7-4C65AF5D4D72}.Release|Any CPU.ActiveCfg = Release|Any CPU
		{43ABCD39-6DA8-4762-99F7-4C65AF5D4D72}.Release|Any CPU.Build.0 = Release|Any CPU
		{C8C3B739-A1C7-42AA-B158-E4677F30BC02}.Debug|Any CPU.ActiveCfg = Debug|Any CPU
		{C8C3B739-A1C7-42AA-B158-E4677F30BC02}.Debug|Any CPU.Build.0 = Debug|Any CPU
		{C8C3B739-A1C7-42AA-B158-E4677F30BC02}.Release|Any CPU.ActiveCfg = Release|Any CPU
		{C8C3B739-A1C7-42AA-B158-E4677F30BC02}.Release|Any CPU.Build.0 = Release|Any CPU
	EndGlobalSection
	GlobalSection(SolutionProperties) = preSolution
		HideSolutionNode = FALSE
	EndGlobalSection
	GlobalSection(ExtensibilityGlobals) = postSolution
		SolutionGuid = {16F62D6C-EE36-4F2B-BBD8-5EAE5D940774}
	EndGlobalSection
EndGlobal
